// !$*UTF8*$!
{
	archiveVersion = 1;
	classes = {
	};
	objectVersion = 56;
	objects = {

/* Begin PBXBuildFile section */
		E84C1413296C5D330088EE43 /* SecondaryButton.swift in Sources */ = {isa = PBXBuildFile; fileRef = E84C1412296C5D330088EE43 /* SecondaryButton.swift */; };
		E8B26DEA296B1E5C00F67A76 /* AppDelegate.swift in Sources */ = {isa = PBXBuildFile; fileRef = E8B26DE9296B1E5C00F67A76 /* AppDelegate.swift */; };
		E8B26DEC296B1E5C00F67A76 /* SceneDelegate.swift in Sources */ = {isa = PBXBuildFile; fileRef = E8B26DEB296B1E5C00F67A76 /* SceneDelegate.swift */; };
		E8B26DEE296B1E5C00F67A76 /* OverviewController.swift in Sources */ = {isa = PBXBuildFile; fileRef = E8B26DED296B1E5C00F67A76 /* OverviewController.swift */; };
		E8B26DF3296B1E5E00F67A76 /* Assets.xcassets in Resources */ = {isa = PBXBuildFile; fileRef = E8B26DF2296B1E5E00F67A76 /* Assets.xcassets */; };
		E8B26DF6296B1E5E00F67A76 /* LaunchScreen.storyboard in Resources */ = {isa = PBXBuildFile; fileRef = E8B26DF4296B1E5E00F67A76 /* LaunchScreen.storyboard */; };
		E8B26E00296B20F200F67A76 /* TabBarController.swift in Sources */ = {isa = PBXBuildFile; fileRef = E8B26DFF296B20F200F67A76 /* TabBarController.swift */; };
		E8B26E03296B218100F67A76 /* UIColor + ext.swift in Sources */ = {isa = PBXBuildFile; fileRef = E8B26E02296B218100F67A76 /* UIColor + ext.swift */; };
		E8B26E06296B220F00F67A76 /* Resources.swift in Sources */ = {isa = PBXBuildFile; fileRef = E8B26E05296B220F00F67A76 /* Resources.swift */; };
		E8B26E08296B29AF00F67A76 /* NavBarController.swift in Sources */ = {isa = PBXBuildFile; fileRef = E8B26E07296B29AF00F67A76 /* NavBarController.swift */; };
		E8B26E0C296B2BB600F67A76 /* BaseController.swift in Sources */ = {isa = PBXBuildFile; fileRef = E8B26E0B296B2BB600F67A76 /* BaseController.swift */; };
		E8B26E0F296B2D9C00F67A76 /* UIView + ext.swift in Sources */ = {isa = PBXBuildFile; fileRef = E8B26E0E296B2D9C00F67A76 /* UIView + ext.swift */; };
		E8B26E16296B2EBD00F67A76 /* SessionController.swift in Sources */ = {isa = PBXBuildFile; fileRef = E8B26E15296B2EBD00F67A76 /* SessionController.swift */; };
		E8B26E19296B2EDE00F67A76 /* ProgressController.swift in Sources */ = {isa = PBXBuildFile; fileRef = E8B26E18296B2EDE00F67A76 /* ProgressController.swift */; };
		E8B26E1B296B2EF200F67A76 /* SettingsController.swift in Sources */ = {isa = PBXBuildFile; fileRef = E8B26E1A296B2EF200F67A76 /* SettingsController.swift */; };
/* End PBXBuildFile section */

/* Begin PBXFileReference section */
		E84C1412296C5D330088EE43 /* SecondaryButton.swift */ = {isa = PBXFileReference; lastKnownFileType = sourcecode.swift; path = SecondaryButton.swift; sourceTree = "<group>"; };
		E8B26DE6296B1E5C00F67A76 /* TrackTasks.app */ = {isa = PBXFileReference; explicitFileType = wrapper.application; includeInIndex = 0; path = TrackTasks.app; sourceTree = BUILT_PRODUCTS_DIR; };
		E8B26DE9296B1E5C00F67A76 /* AppDelegate.swift */ = {isa = PBXFileReference; lastKnownFileType = sourcecode.swift; path = AppDelegate.swift; sourceTree = "<group>"; };
		E8B26DEB296B1E5C00F67A76 /* SceneDelegate.swift */ = {isa = PBXFileReference; lastKnownFileType = sourcecode.swift; path = SceneDelegate.swift; sourceTree = "<group>"; };
		E8B26DED296B1E5C00F67A76 /* OverviewController.swift */ = {isa = PBXFileReference; lastKnownFileType = sourcecode.swift; path = OverviewController.swift; sourceTree = "<group>"; };
		E8B26DF2296B1E5E00F67A76 /* Assets.xcassets */ = {isa = PBXFileReference; lastKnownFileType = folder.assetcatalog; path = Assets.xcassets; sourceTree = "<group>"; };
		E8B26DF5296B1E5E00F67A76 /* Base */ = {isa = PBXFileReference; lastKnownFileType = file.storyboard; name = Base; path = Base.lproj/LaunchScreen.storyboard; sourceTree = "<group>"; };
		E8B26DF7296B1E5E00F67A76 /* Info.plist */ = {isa = PBXFileReference; lastKnownFileType = text.plist.xml; path = Info.plist; sourceTree = "<group>"; };
		E8B26DFF296B20F200F67A76 /* TabBarController.swift */ = {isa = PBXFileReference; lastKnownFileType = sourcecode.swift; path = TabBarController.swift; sourceTree = "<group>"; };
		E8B26E02296B218100F67A76 /* UIColor + ext.swift */ = {isa = PBXFileReference; lastKnownFileType = sourcecode.swift; path = "UIColor + ext.swift"; sourceTree = "<group>"; };
		E8B26E05296B220F00F67A76 /* Resources.swift */ = {isa = PBXFileReference; lastKnownFileType = sourcecode.swift; path = Resources.swift; sourceTree = "<group>"; };
		E8B26E07296B29AF00F67A76 /* NavBarController.swift */ = {isa = PBXFileReference; lastKnownFileType = sourcecode.swift; path = NavBarController.swift; sourceTree = "<group>"; };
		E8B26E0B296B2BB600F67A76 /* BaseController.swift */ = {isa = PBXFileReference; lastKnownFileType = sourcecode.swift; path = BaseController.swift; sourceTree = "<group>"; };
		E8B26E0E296B2D9C00F67A76 /* UIView + ext.swift */ = {isa = PBXFileReference; lastKnownFileType = sourcecode.swift; path = "UIView + ext.swift"; sourceTree = "<group>"; };
		E8B26E15296B2EBD00F67A76 /* SessionController.swift */ = {isa = PBXFileReference; lastKnownFileType = sourcecode.swift; path = SessionController.swift; sourceTree = "<group>"; };
		E8B26E18296B2EDE00F67A76 /* ProgressController.swift */ = {isa = PBXFileReference; lastKnownFileType = sourcecode.swift; path = ProgressController.swift; sourceTree = "<group>"; };
		E8B26E1A296B2EF200F67A76 /* SettingsController.swift */ = {isa = PBXFileReference; lastKnownFileType = sourcecode.swift; path = SettingsController.swift; sourceTree = "<group>"; };
/* End PBXFileReference section */

/* Begin PBXFrameworksBuildPhase section */
		E8B26DE3296B1E5C00F67A76 /* Frameworks */ = {
			isa = PBXFrameworksBuildPhase;
			buildActionMask = 2147483647;
			files = (
			);
			runOnlyForDeploymentPostprocessing = 0;
		};
/* End PBXFrameworksBuildPhase section */

/* Begin PBXGroup section */
		E84C1411296C5D180088EE43 /* Views */ = {
			isa = PBXGroup;
			children = (
				E84C1412296C5D330088EE43 /* SecondaryButton.swift */,
			);
			path = Views;
			sourceTree = "<group>";
		};
		E8B26DDD296B1E5C00F67A76 = {
			isa = PBXGroup;
			children = (
				E8B26DE8296B1E5C00F67A76 /* TrackTasks */,
				E8B26DE7296B1E5C00F67A76 /* Products */,
			);
			sourceTree = "<group>";
		};
		E8B26DE7296B1E5C00F67A76 /* Products */ = {
			isa = PBXGroup;
			children = (
				E8B26DE6296B1E5C00F67A76 /* TrackTasks.app */,
			);
			name = Products;
			sourceTree = "<group>";
		};
		E8B26DE8296B1E5C00F67A76 /* TrackTasks */ = {
			isa = PBXGroup;
			children = (
				E8B26E01296B216800F67A76 /* Helpers */,
				E8B26DFD296B1F4E00F67A76 /* Application */,
				E8B26DFE296B1F7600F67A76 /* SupportingFiles */,
				E8B26E09296B2B9100F67A76 /* Controllers */,
			);
			path = TrackTasks;
			sourceTree = "<group>";
		};
		E8B26DFD296B1F4E00F67A76 /* Application */ = {
			isa = PBXGroup;
			children = (
				E8B26DE9296B1E5C00F67A76 /* AppDelegate.swift */,
				E8B26DEB296B1E5C00F67A76 /* SceneDelegate.swift */,
			);
			path = Application;
			sourceTree = "<group>";
		};
		E8B26DFE296B1F7600F67A76 /* SupportingFiles */ = {
			isa = PBXGroup;
			children = (
				E8B26DF2296B1E5E00F67A76 /* Assets.xcassets */,
				E8B26DF4296B1E5E00F67A76 /* LaunchScreen.storyboard */,
				E8B26DF7296B1E5E00F67A76 /* Info.plist */,
			);
			path = SupportingFiles;
			sourceTree = "<group>";
		};
		E8B26E01296B216800F67A76 /* Helpers */ = {
			isa = PBXGroup;
			children = (
				E8B26E04296B218B00F67A76 /* Extension */,
				E8B26E05296B220F00F67A76 /* Resources.swift */,
			);
			path = Helpers;
			sourceTree = "<group>";
		};
		E8B26E04296B218B00F67A76 /* Extension */ = {
			isa = PBXGroup;
			children = (
				E8B26E02296B218100F67A76 /* UIColor + ext.swift */,
				E8B26E0E296B2D9C00F67A76 /* UIView + ext.swift */,
			);
			path = Extension;
			sourceTree = "<group>";
		};
		E8B26E09296B2B9100F67A76 /* Controllers */ = {
			isa = PBXGroup;
			children = (
				E8B26E14296B2EA600F67A76 /* Settings */,
				E8B26E13296B2EA000F67A76 /* Progress */,
				E8B26E12296B2E9B00F67A76 /* Session */,
				E8B26E11296B2E9300F67A76 /* Overview */,
				E8B26E10296B2E8600F67A76 /* Base */,
			);
			path = Controllers;
			sourceTree = "<group>";
		};
		E8B26E10296B2E8600F67A76 /* Base */ = {
			isa = PBXGroup;
			children = (
				E8B26DFF296B20F200F67A76 /* TabBarController.swift */,
				E8B26E07296B29AF00F67A76 /* NavBarController.swift */,
				E8B26E0B296B2BB600F67A76 /* BaseController.swift */,
			);
			path = Base;
			sourceTree = "<group>";
		};
		E8B26E11296B2E9300F67A76 /* Overview */ = {
			isa = PBXGroup;
			children = (
				E84C1411296C5D180088EE43 /* Views */,
				E8B26DED296B1E5C00F67A76 /* OverviewController.swift */,
			);
			path = Overview;
			sourceTree = "<group>";
		};
		E8B26E12296B2E9B00F67A76 /* Session */ = {
			isa = PBXGroup;
			children = (
				E8B26E15296B2EBD00F67A76 /* SessionController.swift */,
			);
			path = Session;
			sourceTree = "<group>";
		};
		E8B26E13296B2EA000F67A76 /* Progress */ = {
			isa = PBXGroup;
			children = (
				E8B26E18296B2EDE00F67A76 /* ProgressController.swift */,
			);
			path = Progress;
			sourceTree = "<group>";
		};
		E8B26E14296B2EA600F67A76 /* Settings */ = {
			isa = PBXGroup;
			children = (
				E8B26E1A296B2EF200F67A76 /* SettingsController.swift */,
			);
			path = Settings;
			sourceTree = "<group>";
		};
/* End PBXGroup section */

/* Begin PBXNativeTarget section */
		E8B26DE5296B1E5C00F67A76 /* TrackTasks */ = {
			isa = PBXNativeTarget;
			buildConfigurationList = E8B26DFA296B1E5E00F67A76 /* Build configuration list for PBXNativeTarget "TrackTasks" */;
			buildPhases = (
				E8B26DE2296B1E5C00F67A76 /* Sources */,
				E8B26DE3296B1E5C00F67A76 /* Frameworks */,
				E8B26DE4296B1E5C00F67A76 /* Resources */,
			);
			buildRules = (
			);
			dependencies = (
			);
			name = TrackTasks;
			productName = TrackTasks;
			productReference = E8B26DE6296B1E5C00F67A76 /* TrackTasks.app */;
			productType = "com.apple.product-type.application";
		};
/* End PBXNativeTarget section */

/* Begin PBXProject section */
		E8B26DDE296B1E5C00F67A76 /* Project object */ = {
			isa = PBXProject;
			attributes = {
				BuildIndependentTargetsInParallel = 1;
				LastSwiftUpdateCheck = 1420;
				LastUpgradeCheck = 1420;
				TargetAttributes = {
					E8B26DE5296B1E5C00F67A76 = {
						CreatedOnToolsVersion = 14.2;
					};
				};
			};
			buildConfigurationList = E8B26DE1296B1E5C00F67A76 /* Build configuration list for PBXProject "TrackTasks" */;
			compatibilityVersion = "Xcode 14.0";
			developmentRegion = en;
			hasScannedForEncodings = 0;
			knownRegions = (
				en,
				Base,
			);
			mainGroup = E8B26DDD296B1E5C00F67A76;
			productRefGroup = E8B26DE7296B1E5C00F67A76 /* Products */;
			projectDirPath = "";
			projectRoot = "";
			targets = (
				E8B26DE5296B1E5C00F67A76 /* TrackTasks */,
			);
		};
/* End PBXProject section */

/* Begin PBXResourcesBuildPhase section */
		E8B26DE4296B1E5C00F67A76 /* Resources */ = {
			isa = PBXResourcesBuildPhase;
			buildActionMask = 2147483647;
			files = (
				E8B26DF6296B1E5E00F67A76 /* LaunchScreen.storyboard in Resources */,
				E8B26DF3296B1E5E00F67A76 /* Assets.xcassets in Resources */,
			);
			runOnlyForDeploymentPostprocessing = 0;
		};
/* End PBXResourcesBuildPhase section */

/* Begin PBXSourcesBuildPhase section */
		E8B26DE2296B1E5C00F67A76 /* Sources */ = {
			isa = PBXSourcesBuildPhase;
			buildActionMask = 2147483647;
			files = (
				E8B26E1B296B2EF200F67A76 /* SettingsController.swift in Sources */,
				E8B26DEE296B1E5C00F67A76 /* OverviewController.swift in Sources */,
				E8B26E0F296B2D9C00F67A76 /* UIView + ext.swift in Sources */,
				E8B26E00296B20F200F67A76 /* TabBarController.swift in Sources */,
				E8B26DEA296B1E5C00F67A76 /* AppDelegate.swift in Sources */,
				E8B26E16296B2EBD00F67A76 /* SessionController.swift in Sources */,
				E84C1413296C5D330088EE43 /* SecondaryButton.swift in Sources */,
				E8B26E19296B2EDE00F67A76 /* ProgressController.swift in Sources */,
				E8B26E08296B29AF00F67A76 /* NavBarController.swift in Sources */,
				E8B26E06296B220F00F67A76 /* Resources.swift in Sources */,
				E8B26E03296B218100F67A76 /* UIColor + ext.swift in Sources */,
				E8B26E0C296B2BB600F67A76 /* BaseController.swift in Sources */,
				E8B26DEC296B1E5C00F67A76 /* SceneDelegate.swift in Sources */,
			);
			runOnlyForDeploymentPostprocessing = 0;
		};
/* End PBXSourcesBuildPhase section */

/* Begin PBXVariantGroup section */
		E8B26DF4296B1E5E00F67A76 /* LaunchScreen.storyboard */ = {
			isa = PBXVariantGroup;
			children = (
				E8B26DF5296B1E5E00F67A76 /* Base */,
			);
			name = LaunchScreen.storyboard;
			sourceTree = "<group>";
		};
/* End PBXVariantGroup section */

/* Begin XCBuildConfiguration section */
		E8B26DF8296B1E5E00F67A76 /* Debug */ = {
			isa = XCBuildConfiguration;
			buildSettings = {
				ALWAYS_SEARCH_USER_PATHS = NO;
				CLANG_ANALYZER_NONNULL = YES;
				CLANG_ANALYZER_NUMBER_OBJECT_CONVERSION = YES_AGGRESSIVE;
				CLANG_CXX_LANGUAGE_STANDARD = "gnu++20";
				CLANG_ENABLE_MODULES = YES;
				CLANG_ENABLE_OBJC_ARC = YES;
				CLANG_ENABLE_OBJC_WEAK = YES;
				CLANG_WARN_BLOCK_CAPTURE_AUTORELEASING = YES;
				CLANG_WARN_BOOL_CONVERSION = YES;
				CLANG_WARN_COMMA = YES;
				CLANG_WARN_CONSTANT_CONVERSION = YES;
				CLANG_WARN_DEPRECATED_OBJC_IMPLEMENTATIONS = YES;
				CLANG_WARN_DIRECT_OBJC_ISA_USAGE = YES_ERROR;
				CLANG_WARN_DOCUMENTATION_COMMENTS = YES;
				CLANG_WARN_EMPTY_BODY = YES;
				CLANG_WARN_ENUM_CONVERSION = YES;
				CLANG_WARN_INFINITE_RECURSION = YES;
				CLANG_WARN_INT_CONVERSION = YES;
				CLANG_WARN_NON_LITERAL_NULL_CONVERSION = YES;
				CLANG_WARN_OBJC_IMPLICIT_RETAIN_SELF = YES;
				CLANG_WARN_OBJC_LITERAL_CONVERSION = YES;
				CLANG_WARN_OBJC_ROOT_CLASS = YES_ERROR;
				CLANG_WARN_QUOTED_INCLUDE_IN_FRAMEWORK_HEADER = YES;
				CLANG_WARN_RANGE_LOOP_ANALYSIS = YES;
				CLANG_WARN_STRICT_PROTOTYPES = YES;
				CLANG_WARN_SUSPICIOUS_MOVE = YES;
				CLANG_WARN_UNGUARDED_AVAILABILITY = YES_AGGRESSIVE;
				CLANG_WARN_UNREACHABLE_CODE = YES;
				CLANG_WARN__DUPLICATE_METHOD_MATCH = YES;
				COPY_PHASE_STRIP = NO;
				DEBUG_INFORMATION_FORMAT = dwarf;
				ENABLE_STRICT_OBJC_MSGSEND = YES;
				ENABLE_TESTABILITY = YES;
				GCC_C_LANGUAGE_STANDARD = gnu11;
				GCC_DYNAMIC_NO_PIC = NO;
				GCC_NO_COMMON_BLOCKS = YES;
				GCC_OPTIMIZATION_LEVEL = 0;
				GCC_PREPROCESSOR_DEFINITIONS = (
					"DEBUG=1",
					"$(inherited)",
				);
				GCC_WARN_64_TO_32_BIT_CONVERSION = YES;
				GCC_WARN_ABOUT_RETURN_TYPE = YES_ERROR;
				GCC_WARN_UNDECLARED_SELECTOR = YES;
				GCC_WARN_UNINITIALIZED_AUTOS = YES_AGGRESSIVE;
				GCC_WARN_UNUSED_FUNCTION = YES;
				GCC_WARN_UNUSED_VARIABLE = YES;
				IPHONEOS_DEPLOYMENT_TARGET = 16.2;
				MTL_ENABLE_DEBUG_INFO = INCLUDE_SOURCE;
				MTL_FAST_MATH = YES;
				ONLY_ACTIVE_ARCH = YES;
				SDKROOT = iphoneos;
				SWIFT_ACTIVE_COMPILATION_CONDITIONS = DEBUG;
				SWIFT_OPTIMIZATION_LEVEL = "-Onone";
			};
			name = Debug;
		};
		E8B26DF9296B1E5E00F67A76 /* Release */ = {
			isa = XCBuildConfiguration;
			buildSettings = {
				ALWAYS_SEARCH_USER_PATHS = NO;
				CLANG_ANALYZER_NONNULL = YES;
				CLANG_ANALYZER_NUMBER_OBJECT_CONVERSION = YES_AGGRESSIVE;
				CLANG_CXX_LANGUAGE_STANDARD = "gnu++20";
				CLANG_ENABLE_MODULES = YES;
				CLANG_ENABLE_OBJC_ARC = YES;
				CLANG_ENABLE_OBJC_WEAK = YES;
				CLANG_WARN_BLOCK_CAPTURE_AUTORELEASING = YES;
				CLANG_WARN_BOOL_CONVERSION = YES;
				CLANG_WARN_COMMA = YES;
				CLANG_WARN_CONSTANT_CONVERSION = YES;
				CLANG_WARN_DEPRECATED_OBJC_IMPLEMENTATIONS = YES;
				CLANG_WARN_DIRECT_OBJC_ISA_USAGE = YES_ERROR;
				CLANG_WARN_DOCUMENTATION_COMMENTS = YES;
				CLANG_WARN_EMPTY_BODY = YES;
				CLANG_WARN_ENUM_CONVERSION = YES;
				CLANG_WARN_INFINITE_RECURSION = YES;
				CLANG_WARN_INT_CONVERSION = YES;
				CLANG_WARN_NON_LITERAL_NULL_CONVERSION = YES;
				CLANG_WARN_OBJC_IMPLICIT_RETAIN_SELF = YES;
				CLANG_WARN_OBJC_LITERAL_CONVERSION = YES;
				CLANG_WARN_OBJC_ROOT_CLASS = YES_ERROR;
				CLANG_WARN_QUOTED_INCLUDE_IN_FRAMEWORK_HEADER = YES;
				CLANG_WARN_RANGE_LOOP_ANALYSIS = YES;
				CLANG_WARN_STRICT_PROTOTYPES = YES;
				CLANG_WARN_SUSPICIOUS_MOVE = YES;
				CLANG_WARN_UNGUARDED_AVAILABILITY = YES_AGGRESSIVE;
				CLANG_WARN_UNREACHABLE_CODE = YES;
				CLANG_WARN__DUPLICATE_METHOD_MATCH = YES;
				COPY_PHASE_STRIP = NO;
				DEBUG_INFORMATION_FORMAT = "dwarf-with-dsym";
				ENABLE_NS_ASSERTIONS = NO;
				ENABLE_STRICT_OBJC_MSGSEND = YES;
				GCC_C_LANGUAGE_STANDARD = gnu11;
				GCC_NO_COMMON_BLOCKS = YES;
				GCC_WARN_64_TO_32_BIT_CONVERSION = YES;
				GCC_WARN_ABOUT_RETURN_TYPE = YES_ERROR;
				GCC_WARN_UNDECLARED_SELECTOR = YES;
				GCC_WARN_UNINITIALIZED_AUTOS = YES_AGGRESSIVE;
				GCC_WARN_UNUSED_FUNCTION = YES;
				GCC_WARN_UNUSED_VARIABLE = YES;
				IPHONEOS_DEPLOYMENT_TARGET = 16.2;
				MTL_ENABLE_DEBUG_INFO = NO;
				MTL_FAST_MATH = YES;
				SDKROOT = iphoneos;
				SWIFT_COMPILATION_MODE = wholemodule;
				SWIFT_OPTIMIZATION_LEVEL = "-O";
				VALIDATE_PRODUCT = YES;
			};
			name = Release;
		};
		E8B26DFB296B1E5E00F67A76 /* Debug */ = {
			isa = XCBuildConfiguration;
			buildSettings = {
				ASSETCATALOG_COMPILER_APPICON_NAME = AppIcon;
				ASSETCATALOG_COMPILER_GLOBAL_ACCENT_COLOR_NAME = AccentColor;
				CODE_SIGN_STYLE = Automatic;
				CURRENT_PROJECT_VERSION = 1;
				DEVELOPMENT_TEAM = 2Q7FR5CHKB;
				GENERATE_INFOPLIST_FILE = YES;
				INFOPLIST_FILE = TrackTasks/SupportingFiles/Info.plist;
				INFOPLIST_KEY_UIApplicationSupportsIndirectInputEvents = YES;
				INFOPLIST_KEY_UILaunchStoryboardName = LaunchScreen;
				INFOPLIST_KEY_UISupportedInterfaceOrientations_iPad = "UIInterfaceOrientationPortrait UIInterfaceOrientationPortraitUpsideDown UIInterfaceOrientationLandscapeLeft UIInterfaceOrientationLandscapeRight";
				INFOPLIST_KEY_UISupportedInterfaceOrientations_iPhone = "UIInterfaceOrientationPortrait UIInterfaceOrientationLandscapeLeft UIInterfaceOrientationLandscapeRight";
				LD_RUNPATH_SEARCH_PATHS = (
					"$(inherited)",
					"@executable_path/Frameworks",
				);
				MARKETING_VERSION = 1.0;
				PRODUCT_BUNDLE_IDENTIFIER = reyganstorm.TrackTasks;
				PRODUCT_NAME = "$(TARGET_NAME)";
				SUPPORTED_PLATFORMS = "iphoneos iphonesimulator";
				SUPPORTS_MACCATALYST = NO;
				SUPPORTS_MAC_DESIGNED_FOR_IPHONE_IPAD = NO;
				SWIFT_EMIT_LOC_STRINGS = YES;
				SWIFT_VERSION = 5.0;
				TARGETED_DEVICE_FAMILY = 1;
			};
			name = Debug;
		};
		E8B26DFC296B1E5E00F67A76 /* Release */ = {
			isa = XCBuildConfiguration;
			buildSettings = {
				ASSETCATALOG_COMPILER_APPICON_NAME = AppIcon;
				ASSETCATALOG_COMPILER_GLOBAL_ACCENT_COLOR_NAME = AccentColor;
				CODE_SIGN_STYLE = Automatic;
				CURRENT_PROJECT_VERSION = 1;
				DEVELOPMENT_TEAM = 2Q7FR5CHKB;
				GENERATE_INFOPLIST_FILE = YES;
				INFOPLIST_FILE = TrackTasks/SupportingFiles/Info.plist;
				INFOPLIST_KEY_UIApplicationSupportsIndirectInputEvents = YES;
				INFOPLIST_KEY_UILaunchStoryboardName = LaunchScreen;
				INFOPLIST_KEY_UISupportedInterfaceOrientations_iPad = "UIInterfaceOrientationPortrait UIInterfaceOrientationPortraitUpsideDown UIInterfaceOrientationLandscapeLeft UIInterfaceOrientationLandscapeRight";
				INFOPLIST_KEY_UISupportedInterfaceOrientations_iPhone = "UIInterfaceOrientationPortrait UIInterfaceOrientationLandscapeLeft UIInterfaceOrientationLandscapeRight";
				LD_RUNPATH_SEARCH_PATHS = (
					"$(inherited)",
					"@executable_path/Frameworks",
				);
				MARKETING_VERSION = 1.0;
				PRODUCT_BUNDLE_IDENTIFIER = reyganstorm.TrackTasks;
				PRODUCT_NAME = "$(TARGET_NAME)";
				SUPPORTED_PLATFORMS = "iphoneos iphonesimulator";
				SUPPORTS_MACCATALYST = NO;
				SUPPORTS_MAC_DESIGNED_FOR_IPHONE_IPAD = NO;
				SWIFT_EMIT_LOC_STRINGS = YES;
				SWIFT_VERSION = 5.0;
				TARGETED_DEVICE_FAMILY = 1;
			};
			name = Release;
		};
/* End XCBuildConfiguration section */

/* Begin XCConfigurationList section */
		E8B26DE1296B1E5C00F67A76 /* Build configuration list for PBXProject "TrackTasks" */ = {
			isa = XCConfigurationList;
			buildConfigurations = (
				E8B26DF8296B1E5E00F67A76 /* Debug */,
				E8B26DF9296B1E5E00F67A76 /* Release */,
			);
			defaultConfigurationIsVisible = 0;
			defaultConfigurationName = Release;
		};
		E8B26DFA296B1E5E00F67A76 /* Build configuration list for PBXNativeTarget "TrackTasks" */ = {
			isa = XCConfigurationList;
			buildConfigurations = (
				E8B26DFB296B1E5E00F67A76 /* Debug */,
				E8B26DFC296B1E5E00F67A76 /* Release */,
			);
			defaultConfigurationIsVisible = 0;
			defaultConfigurationName = Release;
		};
/* End XCConfigurationList section */
	};
	rootObject = E8B26DDE296B1E5C00F67A76 /* Project object */;
}
